// !$*UTF8*$!
{
	archiveVersion = 1;
	classes = {
	};
	objectVersion = 46;
	objects = {

/* Begin PBXBuildFile section */
		252771BB1ACE0DF800B1D1F3 /* AppDelegate.swift in Sources */ = {isa = PBXBuildFile; fileRef = 252771BA1ACE0DF800B1D1F3 /* AppDelegate.swift */; };
		252771BD1ACE0DF800B1D1F3 /* ViewController.swift in Sources */ = {isa = PBXBuildFile; fileRef = 252771BC1ACE0DF800B1D1F3 /* ViewController.swift */; };
		252771C01ACE0DF800B1D1F3 /* Main.storyboard in Resources */ = {isa = PBXBuildFile; fileRef = 252771BE1ACE0DF800B1D1F3 /* Main.storyboard */; };
		252771C21ACE0DF800B1D1F3 /* Images.xcassets in Resources */ = {isa = PBXBuildFile; fileRef = 252771C11ACE0DF800B1D1F3 /* Images.xcassets */; };
		252771C51ACE0DF800B1D1F3 /* LaunchScreen.xib in Resources */ = {isa = PBXBuildFile; fileRef = 252771C31ACE0DF800B1D1F3 /* LaunchScreen.xib */; };
		252771D11ACE0DF800B1D1F3 /* RGB_SliderTests.swift in Sources */ = {isa = PBXBuildFile; fileRef = 252771D01ACE0DF800B1D1F3 /* RGB_SliderTests.swift */; };
/* End PBXBuildFile section */

/* Begin PBXContainerItemProxy section */
		252771CB1ACE0DF800B1D1F3 /* PBXContainerItemProxy */ = {
			isa = PBXContainerItemProxy;
			containerPortal = 252771AD1ACE0DF800B1D1F3 /* Project object */;
			proxyType = 1;
			remoteGlobalIDString = 252771B41ACE0DF800B1D1F3;
			remoteInfo = "RGB Slider";
		};
/* End PBXContainerItemProxy section */

/* Begin PBXFileReference section */
		252771B51ACE0DF800B1D1F3 /* RGB Slider.app */ = {isa = PBXFileReference; explicitFileType = wrapper.application; includeInIndex = 0; path = "RGB Slider.app"; sourceTree = BUILT_PRODUCTS_DIR; };
		252771B91ACE0DF800B1D1F3 /* Info.plist */ = {isa = PBXFileReference; lastKnownFileType = text.plist.xml; path = Info.plist; sourceTree = "<group>"; };
		252771BA1ACE0DF800B1D1F3 /* AppDelegate.swift */ = {isa = PBXFileReference; lastKnownFileType = sourcecode.swift; path = AppDelegate.swift; sourceTree = "<group>"; };
		252771BC1ACE0DF800B1D1F3 /* ViewController.swift */ = {isa = PBXFileReference; lastKnownFileType = sourcecode.swift; path = ViewController.swift; sourceTree = "<group>"; };
		252771BF1ACE0DF800B1D1F3 /* Base */ = {isa = PBXFileReference; lastKnownFileType = file.storyboard; name = Base; path = Base.lproj/Main.storyboard; sourceTree = "<group>"; };
		252771C11ACE0DF800B1D1F3 /* Images.xcassets */ = {isa = PBXFileReference; lastKnownFileType = folder.assetcatalog; path = Images.xcassets; sourceTree = "<group>"; };
		252771C41ACE0DF800B1D1F3 /* Base */ = {isa = PBXFileReference; lastKnownFileType = file.xib; name = Base; path = Base.lproj/LaunchScreen.xib; sourceTree = "<group>"; };
		252771CA1ACE0DF800B1D1F3 /* RGB SliderTests.xctest */ = {isa = PBXFileReference; explicitFileType = wrapper.cfbundle; includeInIndex = 0; path = "RGB SliderTests.xctest"; sourceTree = BUILT_PRODUCTS_DIR; };
		252771CF1ACE0DF800B1D1F3 /* Info.plist */ = {isa = PBXFileReference; lastKnownFileType = text.plist.xml; path = Info.plist; sourceTree = "<group>"; };
		252771D01ACE0DF800B1D1F3 /* RGB_SliderTests.swift */ = {isa = PBXFileReference; lastKnownFileType = sourcecode.swift; path = RGB_SliderTests.swift; sourceTree = "<group>"; };
/* End PBXFileReference section */

/* Begin PBXFrameworksBuildPhase section */
		252771B21ACE0DF800B1D1F3 /* Frameworks */ = {
			isa = PBXFrameworksBuildPhase;
			buildActionMask = 2147483647;
			files = (
			);
			runOnlyForDeploymentPostprocessing = 0;
		};
		252771C71ACE0DF800B1D1F3 /* Frameworks */ = {
			isa = PBXFrameworksBuildPhase;
			buildActionMask = 2147483647;
			files = (
			);
			runOnlyForDeploymentPostprocessing = 0;
		};
/* End PBXFrameworksBuildPhase section */

/* Begin PBXGroup section */
		252771AC1ACE0DF800B1D1F3 = {
			isa = PBXGroup;
			children = (
				252771B71ACE0DF800B1D1F3 /* RGB Slider */,
				252771CD1ACE0DF800B1D1F3 /* RGB SliderTests */,
				252771B61ACE0DF800B1D1F3 /* Products */,
			);
			sourceTree = "<group>";
		};
		252771B61ACE0DF800B1D1F3 /* Products */ = {
			isa = PBXGroup;
			children = (
				252771B51ACE0DF800B1D1F3 /* RGB Slider.app */,
				252771CA1ACE0DF800B1D1F3 /* RGB SliderTests.xctest */,
			);
			name = Products;
			sourceTree = "<group>";
		};
		252771B71ACE0DF800B1D1F3 /* RGB Slider */ = {
			isa = PBXGroup;
			children = (
				252771BA1ACE0DF800B1D1F3 /* AppDelegate.swift */,
				252771BC1ACE0DF800B1D1F3 /* ViewController.swift */,
				252771BE1ACE0DF800B1D1F3 /* Main.storyboard */,
				252771C11ACE0DF800B1D1F3 /* Images.xcassets */,
				252771C31ACE0DF800B1D1F3 /* LaunchScreen.xib */,
				252771B81ACE0DF800B1D1F3 /* Supporting Files */,
			);
			path = "RGB Slider";
			sourceTree = "<group>";
		};
		252771B81ACE0DF800B1D1F3 /* Supporting Files */ = {
			isa = PBXGroup;
			children = (
				252771B91ACE0DF800B1D1F3 /* Info.plist */,
			);
			name = "Supporting Files";
			sourceTree = "<group>";
		};
		252771CD1ACE0DF800B1D1F3 /* RGB SliderTests */ = {
			isa = PBXGroup;
			children = (
				252771D01ACE0DF800B1D1F3 /* RGB_SliderTests.swift */,
				252771CE1ACE0DF800B1D1F3 /* Supporting Files */,
			);
			path = "RGB SliderTests";
			sourceTree = "<group>";
		};
		252771CE1ACE0DF800B1D1F3 /* Supporting Files */ = {
			isa = PBXGroup;
			children = (
				252771CF1ACE0DF800B1D1F3 /* Info.plist */,
			);
			name = "Supporting Files";
			sourceTree = "<group>";
		};
/* End PBXGroup section */

/* Begin PBXNativeTarget section */
		252771B41ACE0DF800B1D1F3 /* RGB Slider */ = {
			isa = PBXNativeTarget;
			buildConfigurationList = 252771D41ACE0DF800B1D1F3 /* Build configuration list for PBXNativeTarget "RGB Slider" */;
			buildPhases = (
				252771B11ACE0DF800B1D1F3 /* Sources */,
				252771B21ACE0DF800B1D1F3 /* Frameworks */,
				252771B31ACE0DF800B1D1F3 /* Resources */,
			);
			buildRules = (
			);
			dependencies = (
			);
			name = "RGB Slider";
			productName = "RGB Slider";
			productReference = 252771B51ACE0DF800B1D1F3 /* RGB Slider.app */;
			productType = "com.apple.product-type.application";
		};
		252771C91ACE0DF800B1D1F3 /* RGB SliderTests */ = {
			isa = PBXNativeTarget;
			buildConfigurationList = 252771D71ACE0DF800B1D1F3 /* Build configuration list for PBXNativeTarget "RGB SliderTests" */;
			buildPhases = (
				252771C61ACE0DF800B1D1F3 /* Sources */,
				252771C71ACE0DF800B1D1F3 /* Frameworks */,
				252771C81ACE0DF800B1D1F3 /* Resources */,
			);
			buildRules = (
			);
			dependencies = (
				252771CC1ACE0DF800B1D1F3 /* PBXTargetDependency */,
			);
			name = "RGB SliderTests";
			productName = "RGB SliderTests";
			productReference = 252771CA1ACE0DF800B1D1F3 /* RGB SliderTests.xctest */;
			productType = "com.apple.product-type.bundle.unit-test";
		};
/* End PBXNativeTarget section */

/* Begin PBXProject section */
		252771AD1ACE0DF800B1D1F3 /* Project object */ = {
			isa = PBXProject;
			attributes = {
				LastUpgradeCheck = 0620;
				ORGANIZATIONNAME = "Dhananjay Kumar";
				TargetAttributes = {
					252771B41ACE0DF800B1D1F3 = {
						CreatedOnToolsVersion = 6.2;
					};
					252771C91ACE0DF800B1D1F3 = {
						CreatedOnToolsVersion = 6.2;
						TestTargetID = 252771B41ACE0DF800B1D1F3;
					};
				};
			};
			buildConfigurationList = 252771B01ACE0DF800B1D1F3 /* Build configuration list for PBXProject "RGB Slider" */;
			compatibilityVersion = "Xcode 3.2";
			developmentRegion = English;
			hasScannedForEncodings = 0;
			knownRegions = (
				en,
				Base,
			);
			mainGroup = 252771AC1ACE0DF800B1D1F3;
			productRefGroup = 252771B61ACE0DF800B1D1F3 /* Products */;
			projectDirPath = "";
			projectRoot = "";
			targets = (
				252771B41ACE0DF800B1D1F3 /* RGB Slider */,
				252771C91ACE0DF800B1D1F3 /* RGB SliderTests */,
			);
		};
/* End PBXProject section */

/* Begin PBXResourcesBuildPhase section */
		252771B31ACE0DF800B1D1F3 /* Resources */ = {
			isa = PBXResourcesBuildPhase;
			buildActionMask = 2147483647;
			files = (
				252771C01ACE0DF800B1D1F3 /* Main.storyboard in Resources */,
				252771C51ACE0DF800B1D1F3 /* LaunchScreen.xib in Resources */,
				252771C21ACE0DF800B1D1F3 /* Images.xcassets in Resources */,
			);
			runOnlyForDeploymentPostprocessing = 0;
		};
		252771C81ACE0DF800B1D1F3 /* Resources */ = {
			isa = PBXResourcesBuildPhase;
			buildActionMask = 2147483647;
			files = (
			);
			runOnlyForDeploymentPostprocessing = 0;
		};
/* End PBXResourcesBuildPhase section */

/* Begin PBXSourcesBuildPhase section */
		252771B11ACE0DF800B1D1F3 /* Sources */ = {
			isa = PBXSourcesBuildPhase;
			buildActionMask = 2147483647;
			files = (
				252771BD1ACE0DF800B1D1F3 /* ViewController.swift in Sources */,
				252771BB1ACE0DF800B1D1F3 /* AppDelegate.swift in Sources */,
			);
			runOnlyForDeploymentPostprocessing = 0;
		};
		252771C61ACE0DF800B1D1F3 /* Sources */ = {
			isa = PBXSourcesBuildPhase;
			buildActionMask = 2147483647;
			files = (
				252771D11ACE0DF800B1D1F3 /* RGB_SliderTests.swift in Sources */,
			);
			runOnlyForDeploymentPostprocessing = 0;
		};
/* End PBXSourcesBuildPhase section */

/* Begin PBXTargetDependency section */
		252771CC1ACE0DF800B1D1F3 /* PBXTargetDependency */ = {
			isa = PBXTargetDependency;
			target = 252771B41ACE0DF800B1D1F3 /* RGB Slider */;
			targetProxy = 252771CB1ACE0DF800B1D1F3 /* PBXContainerItemProxy */;
		};
/* End PBXTargetDependency section */

/* Begin PBXVariantGroup section */
		252771BE1ACE0DF800B1D1F3 /* Main.storyboard */ = {
			isa = PBXVariantGroup;
			children = (
				252771BF1ACE0DF800B1D1F3 /* Base */,
			);
			name = Main.storyboard;
			sourceTree = "<group>";
		};
		252771C31ACE0DF800B1D1F3 /* LaunchScreen.xib */ = {
			isa = PBXVariantGroup;
			children = (
				252771C41ACE0DF800B1D1F3 /* Base */,
			);
			name = LaunchScreen.xib;
			sourceTree = "<group>";
		};
/* End PBXVariantGroup section */

/* Begin XCBuildConfiguration section */
		252771D21ACE0DF800B1D1F3 /* Debug */ = {
			isa = XCBuildConfiguration;
			buildSettings = {
				ALWAYS_SEARCH_USER_PATHS = NO;
				CLANG_CXX_LANGUAGE_STANDARD = "gnu++0x";
				CLANG_CXX_LIBRARY = "libc++";
				CLANG_ENABLE_MODULES = YES;
				CLANG_ENABLE_OBJC_ARC = YES;
				CLANG_WARN_BOOL_CONVERSION = YES;
				CLANG_WARN_CONSTANT_CONVERSION = YES;
				CLANG_WARN_DIRECT_OBJC_ISA_USAGE = YES_ERROR;
				CLANG_WARN_EMPTY_BODY = YES;
				CLANG_WARN_ENUM_CONVERSION = YES;
				CLANG_WARN_INT_CONVERSION = YES;
				CLANG_WARN_OBJC_ROOT_CLASS = YES_ERROR;
				CLANG_WARN_UNREACHABLE_CODE = YES;
				CLANG_WARN__DUPLICATE_METHOD_MATCH = YES;
				"CODE_SIGN_IDENTITY[sdk=iphoneos*]" = "iPhone Developer";
				COPY_PHASE_STRIP = NO;
				ENABLE_STRICT_OBJC_MSGSEND = YES;
				GCC_C_LANGUAGE_STANDARD = gnu99;
				GCC_DYNAMIC_NO_PIC = NO;
				GCC_OPTIMIZATION_LEVEL = 0;
				GCC_PREPROCESSOR_DEFINITIONS = (
					"DEBUG=1",
					"$(inherited)",
				);
				GCC_SYMBOLS_PRIVATE_EXTERN = NO;
				GCC_WARN_64_TO_32_BIT_CONVERSION = YES;
				GCC_WARN_ABOUT_RETURN_TYPE = YES_ERROR;
				GCC_WARN_UNDECLARED_SELECTOR = YES;
				GCC_WARN_UNINITIALIZED_AUTOS = YES_AGGRESSIVE;
				GCC_WARN_UNUSED_FUNCTION = YES;
				GCC_WARN_UNUSED_VARIABLE = YES;
				IPHONEOS_DEPLOYMENT_TARGET = 8.2;
				MTL_ENABLE_DEBUG_INFO = YES;
				ONLY_ACTIVE_ARCH = YES;
				SDKROOT = iphoneos;
				SWIFT_OPTIMIZATION_LEVEL = "-Onone";
			};
			name = Debug;
		};
		252771D31ACE0DF800B1D1F3 /* Release */ = {
			isa = XCBuildConfiguration;
			buildSettings = {
				ALWAYS_SEARCH_USER_PATHS = NO;
				CLANG_CXX_LANGUAGE_STANDARD = "gnu++0x";
				CLANG_CXX_LIBRARY = "libc++";
				CLANG_ENABLE_MODULES = YES;
				CLANG_ENABLE_OBJC_ARC = YES;
				CLANG_WARN_BOOL_CONVERSION = YES;
				CLANG_WARN_CONSTANT_CONVERSION = YES;
				CLANG_WARN_DIRECT_OBJC_ISA_USAGE = YES_ERROR;
				CLANG_WARN_EMPTY_BODY = YES;
				CLANG_WARN_ENUM_CONVERSION = YES;
				CLANG_WARN_INT_CONVERSION = YES;
				CLANG_WARN_OBJC_ROOT_CLASS = YES_ERROR;
				CLANG_WARN_UNREACHABLE_CODE = YES;
				CLANG_WARN__DUPLICATE_METHOD_MATCH = YES;
				"CODE_SIGN_IDENTITY[sdk=iphoneos*]" = "iPhone Developer";
				COPY_PHASE_STRIP = NO;
				ENABLE_NS_ASSERTIONS = NO;
				ENABLE_STRICT_OBJC_MSGSEND = YES;
				GCC_C_LANGUAGE_STANDARD = gnu99;
				GCC_WARN_64_TO_32_BIT_CONVERSION = YES;
				GCC_WARN_ABOUT_RETURN_TYPE = YES_ERROR;
				GCC_WARN_UNDECLARED_SELECTOR = YES;
				GCC_WARN_UNINITIALIZED_AUTOS = YES_AGGRESSIVE;
				GCC_WARN_UNUSED_FUNCTION = YES;
				GCC_WARN_UNUSED_VARIABLE = YES;
				IPHONEOS_DEPLOYMENT_TARGET = 8.2;
				MTL_ENABLE_DEBUG_INFO = NO;
				SDKROOT = iphoneos;
				VALIDATE_PRODUCT = YES;
			};
			name = Release;
		};
		252771D51ACE0DF800B1D1F3 /* Debug */ = {
			isa = XCBuildConfiguration;
			buildSettings = {
				ASSETCATALOG_COMPILER_APPICON_NAME = AppIcon;
				INFOPLIST_FILE = "RGB Slider/Info.plist";
				LD_RUNPATH_SEARCH_PATHS = "$(inherited) @executable_path/Frameworks";
				PRODUCT_NAME = "$(TARGET_NAME)";
			};
			name = Debug;
		};
		252771D61ACE0DF800B1D1F3 /* Release */ = {
			isa = XCBuildConfiguration;
			buildSettings = {
				ASSETCATALOG_COMPILER_APPICON_NAME = AppIcon;
				INFOPLIST_FILE = "RGB Slider/Info.plist";
				LD_RUNPATH_SEARCH_PATHS = "$(inherited) @executable_path/Frameworks";
				PRODUCT_NAME = "$(TARGET_NAME)";
			};
			name = Release;
		};
		252771D81ACE0DF800B1D1F3 /* Debug */ = {
			isa = XCBuildConfiguration;
			buildSettings = {
				BUNDLE_LOADER = "$(TEST_HOST)";
				FRAMEWORK_SEARCH_PATHS = (
					"$(SDKROOT)/Developer/Library/Frameworks",
					"$(inherited)",
				);
				GCC_PREPROCESSOR_DEFINITIONS = (
					"DEBUG=1",
					"$(inherited)",
				);
				INFOPLIST_FILE = "RGB SliderTests/Info.plist";
				LD_RUNPATH_SEARCH_PATHS = "$(inherited) @executable_path/Frameworks @loader_path/Frameworks";
				PRODUCT_NAME = "$(TARGET_NAME)";
				TEST_HOST = "$(BUILT_PRODUCTS_DIR)/RGB Slider.app/RGB Slider";
			};
			name = Debug;
		};
		252771D91ACE0DF800B1D1F3 /* Release */ = {
			isa = XCBuildConfiguration;
			buildSettings = {
				BUNDLE_LOADER = "$(TEST_HOST)";
				FRAMEWORK_SEARCH_PATHS = (
					"$(SDKROOT)/Developer/Library/Frameworks",
					"$(inherited)",
				);
				INFOPLIST_FILE = "RGB SliderTests/Info.plist";
				LD_RUNPATH_SEARCH_PATHS = "$(inherited) @executable_path/Frameworks @loader_path/Frameworks";
				PRODUCT_NAME = "$(TARGET_NAME)";
				TEST_HOST = "$(BUILT_PRODUCTS_DIR)/RGB Slider.app/RGB Slider";
			};
			name = Release;
		};
/* End XCBuildConfiguration section */

/* Begin XCConfigurationList section */
		252771B01ACE0DF800B1D1F3 /* Build configuration list for PBXProject "RGB Slider" */ = {
			isa = XCConfigurationList;
			buildConfigurations = (
				252771D21ACE0DF800B1D1F3 /* Debug */,
				252771D31ACE0DF800B1D1F3 /* Release */,
			);
			defaultConfigurationIsVisible = 0;
			defaultConfigurationName = Release;
		};
		252771D41ACE0DF800B1D1F3 /* Build configuration list for PBXNativeTarget "RGB Slider" */ = {
			isa = XCConfigurationList;
			buildConfigurations = (
				252771D51ACE0DF800B1D1F3 /* Debug */,
				252771D61ACE0DF800B1D1F3 /* Release */,
			);
			defaultConfigurationIsVisible = 0;
		};
		252771D71ACE0DF800B1D1F3 /* Build configuration list for PBXNativeTarget "RGB SliderTests" */ = {
			isa = XCConfigurationList;
			buildConfigurations = (
				252771D81ACE0DF800B1D1F3 /* Debug */,
				252771D91ACE0DF800B1D1F3 /* Release */,
			);
			defaultConfigurationIsVisible = 0;
		};
/* End XCConfigurationList section */
	};
	rootObject = 252771AD1ACE0DF800B1D1F3 /* Project object */;
}
